
Microsoft Visual Studio Solution File, Format Version 12.00
# Visual Studio 15
VisualStudioVersion = 15.0.28010.2019
MinimumVisualStudioVersion = 10.0.40219.1
Project("{9A19103F-16F7-4668-BE54-9A1E7A4F7556}") = "ExceptionHandler", "ExceptionHandler\ExceptionHandler.csproj", "{58BAB320-1F56-40A0-A3C5-D707FC0391D2}"
EndProject
Project("{FAE04EC0-301F-11D3-BF4B-00C04F79EFBC}") = "ExceptionHandler.Tests", "ExceptionHandler.Tests\ExceptionHandler.Tests.csproj", "{56A49A04-0382-4964-AC4E-CAC8FD3DBE13}"
EndProject
Project("{FAE04EC0-301F-11D3-BF4B-00C04F79EFBC}") = "Sample", "Sample\Sample.csproj", "{B81BC7CD-E25A-4DB0-A2A9-45AE7ADA2FD1}"
EndProject
Global
	GlobalSection(SolutionConfigurationPlatforms) = preSolution
		Debug|Any CPU = Debug|Any CPU
		Release|Any CPU = Release|Any CPU
	EndGlobalSection
	GlobalSection(ProjectConfigurationPlatforms) = postSolution
		{58BAB320-1F56-40A0-A3C5-D707FC0391D2}.Debug|Any CPU.ActiveCfg = Debug|Any CPU
		{58BAB320-1F56-40A0-A3C5-D707FC0391D2}.Debug|Any CPU.Build.0 = Debug|Any CPU
		{58BAB320-1F56-40A0-A3C5-D707FC0391D2}.Release|Any CPU.ActiveCfg = Release|Any CPU
		{58BAB320-1F56-40A0-A3C5-D707FC0391D2}.Release|Any CPU.Build.0 = Release|Any CPU
		{56A49A04-0382-4964-AC4E-CAC8FD3DBE13}.Debug|Any CPU.ActiveCfg = Debug|Any CPU
		{56A49A04-0382-4964-AC4E-CAC8FD3DBE13}.Debug|Any CPU.Build.0 = Debug|Any CPU
		{56A49A04-0382-4964-AC4E-CAC8FD3DBE13}.Release|Any CPU.ActiveCfg = Release|Any CPU
		{56A49A04-0382-4964-AC4E-CAC8FD3DBE13}.Release|Any CPU.Build.0 = Release|Any CPU
		{B81BC7CD-E25A-4DB0-A2A9-45AE7ADA2FD1}.Debug|Any CPU.ActiveCfg = Debug|Any CPU
		{B81BC7CD-E25A-4DB0-A2A9-45AE7ADA2FD1}.Debug|Any CPU.Build.0 = Debug|Any CPU
		{B81BC7CD-E25A-4DB0-A2A9-45AE7ADA2FD1}.Release|Any CPU.ActiveCfg = Release|Any CPU
		{B81BC7CD-E25A-4DB0-A2A9-45AE7ADA2FD1}.Release|Any CPU.Build.0 = Release|Any CPU
	EndGlobalSection
	GlobalSection(SolutionProperties) = preSolution
		HideSolutionNode = FALSE
	EndGlobalSection
	GlobalSection(ExtensibilityGlobals) = postSolution
		SolutionGuid = {A04E561B-A8CB-4304-BA63-E71EDADC282F}
	EndGlobalSection
EndGlobal
